
Microsoft Visual Studio Solution File, Format Version 12.00
# Visual Studio Version 17
VisualStudioVersion = 17.0.32112.339
MinimumVisualStudioVersion = 10.0.40219.1
Project("{FAE04EC0-301F-11D3-BF4B-00C04F79EFBC}") = "LINQTut20", "LINQTut20\LINQTut20.csproj", "{4EA2460A-202B-4099-94BF-C3F215AC74B6}"
EndProject
Global
	GlobalSection(SolutionConfigurationPlatforms) = preSolution
		Debug|Any CPU = Debug|Any CPU
		Release|Any CPU = Release|Any CPU
	EndGlobalSection
	GlobalSection(ProjectConfigurationPlatforms) = postSolution
		{4EA2460A-202B-4099-94BF-C3F215AC74B6}.Debug|Any CPU.ActiveCfg = Debug|Any CPU
		{4EA2460A-202B-4099-94BF-C3F215AC74B6}.Debug|Any CPU.Build.0 = Debug|Any CPU
		{4EA2460A-202B-4099-94BF-C3F215AC74B6}.Release|Any CPU.ActiveCfg = Release|Any CPU
		{4EA2460A-202B-4099-94BF-C3F215AC74B6}.Release|Any CPU.Build.0 = Release|Any CPU
	EndGlobalSection
	GlobalSection(SolutionProperties) = preSolution
		HideSolutionNode = FALSE
	EndGlobalSection
	GlobalSection(ExtensibilityGlobals) = postSolution
		SolutionGuid = {2ECF5A87-0E7C-4C4F-AE86-925B00C2DAFB}
	EndGlobalSection
EndGlobal
